// !$*UTF8*$!
{
	archiveVersion = 1;
	classes = {
	};
	objectVersion = 46;
	objects = {

/* Begin PBXBuildFile section */
		5CDA54051C80988D009E60FD /* AppDelegate.swift in Sources */ = {isa = PBXBuildFile; fileRef = 5CDA54041C80988D009E60FD /* AppDelegate.swift */; };
		5CDA54071C80988D009E60FD /* ViewController.swift in Sources */ = {isa = PBXBuildFile; fileRef = 5CDA54061C80988D009E60FD /* ViewController.swift */; };
		5CDA540A1C80988D009E60FD /* Main.storyboard in Resources */ = {isa = PBXBuildFile; fileRef = 5CDA54081C80988D009E60FD /* Main.storyboard */; };
		5CDA540C1C80988D009E60FD /* Assets.xcassets in Resources */ = {isa = PBXBuildFile; fileRef = 5CDA540B1C80988D009E60FD /* Assets.xcassets */; };
		5CDA540F1C80988D009E60FD /* LaunchScreen.storyboard in Resources */ = {isa = PBXBuildFile; fileRef = 5CDA540D1C80988D009E60FD /* LaunchScreen.storyboard */; };
		5CDA54171C80A216009E60FD /* ViewControllerExtension.swift in Sources */ = {isa = PBXBuildFile; fileRef = 5CDA54161C80A216009E60FD /* ViewControllerExtension.swift */; };
		5CDA54191C80A90A009E60FD /* GalleryViewController.swift in Sources */ = {isa = PBXBuildFile; fileRef = 5CDA54181C80A90A009E60FD /* GalleryViewController.swift */; };
		5CDA54271C870704009E60FD /* KoreanViewController.swift in Sources */ = {isa = PBXBuildFile; fileRef = 5CDA54261C870703009E60FD /* KoreanViewController.swift */; };
/* End PBXBuildFile section */

/* Begin PBXFileReference section */
		5CDA54011C80988D009E60FD /* BeautyGallery.app */ = {isa = PBXFileReference; explicitFileType = wrapper.application; includeInIndex = 0; path = BeautyGallery.app; sourceTree = BUILT_PRODUCTS_DIR; };
		5CDA54041C80988D009E60FD /* AppDelegate.swift */ = {isa = PBXFileReference; lastKnownFileType = sourcecode.swift; path = AppDelegate.swift; sourceTree = "<group>"; };
		5CDA54061C80988D009E60FD /* ViewController.swift */ = {isa = PBXFileReference; lastKnownFileType = sourcecode.swift; path = ViewController.swift; sourceTree = "<group>"; };
		5CDA54091C80988D009E60FD /* Base */ = {isa = PBXFileReference; lastKnownFileType = file.storyboard; name = Base; path = Base.lproj/Main.storyboard; sourceTree = "<group>"; };
		5CDA540B1C80988D009E60FD /* Assets.xcassets */ = {isa = PBXFileReference; lastKnownFileType = folder.assetcatalog; path = Assets.xcassets; sourceTree = "<group>"; };
		5CDA540E1C80988D009E60FD /* Base */ = {isa = PBXFileReference; lastKnownFileType = file.storyboard; name = Base; path = Base.lproj/LaunchScreen.storyboard; sourceTree = "<group>"; };
		5CDA54101C80988D009E60FD /* Info.plist */ = {isa = PBXFileReference; lastKnownFileType = text.plist.xml; path = Info.plist; sourceTree = "<group>"; };
		5CDA54161C80A216009E60FD /* ViewControllerExtension.swift */ = {isa = PBXFileReference; fileEncoding = 4; lastKnownFileType = sourcecode.swift; path = ViewControllerExtension.swift; sourceTree = "<group>"; };
		5CDA54181C80A90A009E60FD /* GalleryViewController.swift */ = {isa = PBXFileReference; fileEncoding = 4; lastKnownFileType = sourcecode.swift; path = GalleryViewController.swift; sourceTree = "<group>"; };
		5CDA54261C870703009E60FD /* KoreanViewController.swift */ = {isa = PBXFileReference; fileEncoding = 4; lastKnownFileType = sourcecode.swift; path = KoreanViewController.swift; sourceTree = "<group>"; };
/* End PBXFileReference section */

/* Begin PBXFrameworksBuildPhase section */
		5CDA53FE1C80988D009E60FD /* Frameworks */ = {
			isa = PBXFrameworksBuildPhase;
			buildActionMask = 2147483647;
			files = (
			);
			runOnlyForDeploymentPostprocessing = 0;
		};
/* End PBXFrameworksBuildPhase section */

/* Begin PBXGroup section */
		5CDA53F81C80988D009E60FD = {
			isa = PBXGroup;
			children = (
				5CDA54031C80988D009E60FD /* BeautyGallery */,
				5CDA54021C80988D009E60FD /* Products */,
			);
			sourceTree = "<group>";
		};
		5CDA54021C80988D009E60FD /* Products */ = {
			isa = PBXGroup;
			children = (
				5CDA54011C80988D009E60FD /* BeautyGallery.app */,
			);
			name = Products;
			sourceTree = "<group>";
		};
		5CDA54031C80988D009E60FD /* BeautyGallery */ = {
			isa = PBXGroup;
			children = (
				5CDA54041C80988D009E60FD /* AppDelegate.swift */,
				5CDA54061C80988D009E60FD /* ViewController.swift */,
				5CDA54181C80A90A009E60FD /* GalleryViewController.swift */,
				5CDA54161C80A216009E60FD /* ViewControllerExtension.swift */,
				5CDA54261C870703009E60FD /* KoreanViewController.swift */,
				5CDA54081C80988D009E60FD /* Main.storyboard */,
				5CDA540B1C80988D009E60FD /* Assets.xcassets */,
				5CDA540D1C80988D009E60FD /* LaunchScreen.storyboard */,
				5CDA54101C80988D009E60FD /* Info.plist */,
			);
			path = BeautyGallery;
			sourceTree = "<group>";
		};
/* End PBXGroup section */

/* Begin PBXNativeTarget section */
		5CDA54001C80988D009E60FD /* BeautyGallery */ = {
			isa = PBXNativeTarget;
			buildConfigurationList = 5CDA54131C80988D009E60FD /* Build configuration list for PBXNativeTarget "BeautyGallery" */;
			buildPhases = (
				5CDA53FD1C80988D009E60FD /* Sources */,
				5CDA53FE1C80988D009E60FD /* Frameworks */,
				5CDA53FF1C80988D009E60FD /* Resources */,
			);
			buildRules = (
			);
			dependencies = (
			);
			name = BeautyGallery;
			productName = BeautyGallery;
			productReference = 5CDA54011C80988D009E60FD /* BeautyGallery.app */;
			productType = "com.apple.product-type.application";
		};
/* End PBXNativeTarget section */

/* Begin PBXProject section */
		5CDA53F91C80988D009E60FD /* Project object */ = {
			isa = PBXProject;
			attributes = {
				LastSwiftUpdateCheck = 0720;
				LastUpgradeCheck = 0720;
				ORGANIZATIONNAME = chon;
				TargetAttributes = {
					5CDA54001C80988D009E60FD = {
						CreatedOnToolsVersion = 7.2;
						DevelopmentTeam = F79YP3RY39;
					};
				};
			};
			buildConfigurationList = 5CDA53FC1C80988D009E60FD /* Build configuration list for PBXProject "BeautyGallery" */;
			compatibilityVersion = "Xcode 3.2";
			developmentRegion = English;
			hasScannedForEncodings = 0;
			knownRegions = (
				en,
				Base,
			);
			mainGroup = 5CDA53F81C80988D009E60FD;
			productRefGroup = 5CDA54021C80988D009E60FD /* Products */;
			projectDirPath = "";
			projectRoot = "";
			targets = (
				5CDA54001C80988D009E60FD /* BeautyGallery */,
			);
		};
/* End PBXProject section */

/* Begin PBXResourcesBuildPhase section */
		5CDA53FF1C80988D009E60FD /* Resources */ = {
			isa = PBXResourcesBuildPhase;
			buildActionMask = 2147483647;
			files = (
				5CDA540F1C80988D009E60FD /* LaunchScreen.storyboard in Resources */,
				5CDA540C1C80988D009E60FD /* Assets.xcassets in Resources */,
				5CDA540A1C80988D009E60FD /* Main.storyboard in Resources */,
			);
			runOnlyForDeploymentPostprocessing = 0;
		};
/* End PBXResourcesBuildPhase section */

/* Begin PBXSourcesBuildPhase section */
		5CDA53FD1C80988D009E60FD /* Sources */ = {
			isa = PBXSourcesBuildPhase;
			buildActionMask = 2147483647;
			files = (
				5CDA54071C80988D009E60FD /* ViewController.swift in Sources */,
				5CDA54271C870704009E60FD /* KoreanViewController.swift in Sources */,
				5CDA54191C80A90A009E60FD /* GalleryViewController.swift in Sources */,
				5CDA54051C80988D009E60FD /* AppDelegate.swift in Sources */,
				5CDA54171C80A216009E60FD /* ViewControllerExtension.swift in Sources */,
			);
			runOnlyForDeploymentPostprocessing = 0;
		};
/* End PBXSourcesBuildPhase section */

/* Begin PBXVariantGroup section */
		5CDA54081C80988D009E60FD /* Main.storyboard */ = {
			isa = PBXVariantGroup;
			children = (
				5CDA54091C80988D009E60FD /* Base */,
			);
			name = Main.storyboard;
			sourceTree = "<group>";
		};
		5CDA540D1C80988D009E60FD /* LaunchScreen.storyboard */ = {
			isa = PBXVariantGroup;
			children = (
				5CDA540E1C80988D009E60FD /* Base */,
			);
			name = LaunchScreen.storyboard;
			sourceTree = "<group>";
		};
/* End PBXVariantGroup section */

/* Begin XCBuildConfiguration section */
		5CDA54111C80988D009E60FD /* Debug */ = {
			isa = XCBuildConfiguration;
			buildSettings = {
				ALWAYS_SEARCH_USER_PATHS = NO;
				CLANG_CXX_LANGUAGE_STANDARD = "gnu++0x";
				CLANG_CXX_LIBRARY = "libc++";
				CLANG_ENABLE_MODULES = YES;
				CLANG_ENABLE_OBJC_ARC = YES;
				CLANG_WARN_BOOL_CONVERSION = YES;
				CLANG_WARN_CONSTANT_CONVERSION = YES;
				CLANG_WARN_DIRECT_OBJC_ISA_USAGE = YES_ERROR;
				CLANG_WARN_EMPTY_BODY = YES;
				CLANG_WARN_ENUM_CONVERSION = YES;
				CLANG_WARN_INT_CONVERSION = YES;
				CLANG_WARN_OBJC_ROOT_CLASS = YES_ERROR;
				CLANG_WARN_UNREACHABLE_CODE = YES;
				CLANG_WARN__DUPLICATE_METHOD_MATCH = YES;
				"CODE_SIGN_IDENTITY[sdk=iphoneos*]" = "iPhone Developer";
				COPY_PHASE_STRIP = NO;
				DEBUG_INFORMATION_FORMAT = dwarf;
				ENABLE_STRICT_OBJC_MSGSEND = YES;
				ENABLE_TESTABILITY = YES;
				GCC_C_LANGUAGE_STANDARD = gnu99;
				GCC_DYNAMIC_NO_PIC = NO;
				GCC_NO_COMMON_BLOCKS = YES;
				GCC_OPTIMIZATION_LEVEL = 0;
				GCC_PREPROCESSOR_DEFINITIONS = (
					"DEBUG=1",
					"$(inherited)",
				);
				GCC_WARN_64_TO_32_BIT_CONVERSION = YES;
				GCC_WARN_ABOUT_RETURN_TYPE = YES_ERROR;
				GCC_WARN_UNDECLARED_SELECTOR = YES;
				GCC_WARN_UNINITIALIZED_AUTOS = YES_AGGRESSIVE;
				GCC_WARN_UNUSED_FUNCTION = YES;
				GCC_WARN_UNUSED_VARIABLE = YES;
				IPHONEOS_DEPLOYMENT_TARGET = 9.2;
				MTL_ENABLE_DEBUG_INFO = YES;
				ONLY_ACTIVE_ARCH = YES;
				SDKROOT = iphoneos;
				SWIFT_OPTIMIZATION_LEVEL = "-Onone";
			};
			name = Debug;
		};
		5CDA54121C80988D009E60FD /* Release */ = {
			isa = XCBuildConfiguration;
			buildSettings = {
				ALWAYS_SEARCH_USER_PATHS = NO;
				CLANG_CXX_LANGUAGE_STANDARD = "gnu++0x";
				CLANG_CXX_LIBRARY = "libc++";
				CLANG_ENABLE_MODULES = YES;
				CLANG_ENABLE_OBJC_ARC = YES;
				CLANG_WARN_BOOL_CONVERSION = YES;
				CLANG_WARN_CONSTANT_CONVERSION = YES;
				CLANG_WARN_DIRECT_OBJC_ISA_USAGE = YES_ERROR;
				CLANG_WARN_EMPTY_BODY = YES;
				CLANG_WARN_ENUM_CONVERSION = YES;
				CLANG_WARN_INT_CONVERSION = YES;
				CLANG_WARN_OBJC_ROOT_CLASS = YES_ERROR;
				CLANG_WARN_UNREACHABLE_CODE = YES;
				CLANG_WARN__DUPLICATE_METHOD_MATCH = YES;
				"CODE_SIGN_IDENTITY[sdk=iphoneos*]" = "iPhone Developer";
				COPY_PHASE_STRIP = NO;
				DEBUG_INFORMATION_FORMAT = "dwarf-with-dsym";
				ENABLE_NS_ASSERTIONS = NO;
				ENABLE_STRICT_OBJC_MSGSEND = YES;
				GCC_C_LANGUAGE_STANDARD = gnu99;
				GCC_NO_COMMON_BLOCKS = YES;
				GCC_WARN_64_TO_32_BIT_CONVERSION = YES;
				GCC_WARN_ABOUT_RETURN_TYPE = YES_ERROR;
				GCC_WARN_UNDECLARED_SELECTOR = YES;
				GCC_WARN_UNINITIALIZED_AUTOS = YES_AGGRESSIVE;
				GCC_WARN_UNUSED_FUNCTION = YES;
				GCC_WARN_UNUSED_VARIABLE = YES;
				IPHONEOS_DEPLOYMENT_TARGET = 9.2;
				MTL_ENABLE_DEBUG_INFO = NO;
				SDKROOT = iphoneos;
				VALIDATE_PRODUCT = YES;
			};
			name = Release;
		};
		5CDA54141C80988D009E60FD /* Debug */ = {
			isa = XCBuildConfiguration;
			buildSettings = {
				ASSETCATALOG_COMPILER_APPICON_NAME = AppIcon;
				INFOPLIST_FILE = BeautyGallery/Info.plist;
				LD_RUNPATH_SEARCH_PATHS = "$(inherited) @executable_path/Frameworks";
				PRODUCT_BUNDLE_IDENTIFIER = me.chon.BeautyGallery;
				PRODUCT_NAME = "$(TARGET_NAME)";
			};
			name = Debug;
		};
		5CDA54151C80988D009E60FD /* Release */ = {
			isa = XCBuildConfiguration;
			buildSettings = {
				ASSETCATALOG_COMPILER_APPICON_NAME = AppIcon;
				INFOPLIST_FILE = BeautyGallery/Info.plist;
				LD_RUNPATH_SEARCH_PATHS = "$(inherited) @executable_path/Frameworks";
				PRODUCT_BUNDLE_IDENTIFIER = me.chon.BeautyGallery;
				PRODUCT_NAME = "$(TARGET_NAME)";
			};
			name = Release;
		};
/* End XCBuildConfiguration section */

/* Begin XCConfigurationList section */
		5CDA53FC1C80988D009E60FD /* Build configuration list for PBXProject "BeautyGallery" */ = {
			isa = XCConfigurationList;
			buildConfigurations = (
				5CDA54111C80988D009E60FD /* Debug */,
				5CDA54121C80988D009E60FD /* Release */,
			);
			defaultConfigurationIsVisible = 0;
			defaultConfigurationName = Release;
		};
		5CDA54131C80988D009E60FD /* Build configuration list for PBXNativeTarget "BeautyGallery" */ = {
			isa = XCConfigurationList;
			buildConfigurations = (
				5CDA54141C80988D009E60FD /* Debug */,
				5CDA54151C80988D009E60FD /* Release */,
			);
			defaultConfigurationIsVisible = 0;
			defaultConfigurationName = Release;
		};
/* End XCConfigurationList section */
	};
	rootObject = 5CDA53F91C80988D009E60FD /* Project object */;
}
